
Microsoft Visual Studio Solution File, Format Version 12.00
# Visual Studio Version 16
VisualStudioVersion = 16.0.30011.22
MinimumVisualStudioVersion = 10.0.40219.1
Project("{FAE04EC0-301F-11D3-BF4B-00C04F79EFBC}") = "Mh.Business", "src\Mh.Business\Mh.Business\Mh.Business.csproj", "{92A45972-ECA8-4A8B-825E-0873A23FDB0F}"
EndProject
Project("{FAE04EC0-301F-11D3-BF4B-00C04F79EFBC}") = "Mh.Data", "src\Mh.Data\Mh.Data\Mh.Data.csproj", "{FADF4E02-1773-456D-9A1D-8620BB6FC31D}"
EndProject
Project("{FAE04EC0-301F-11D3-BF4B-00C04F79EFBC}") = "Mh.Api", "src\Mh.Api\Mh.Api.csproj", "{CDCB8C10-EF16-4663-81F3-659E668478D4}"
EndProject
Global
	GlobalSection(SolutionConfigurationPlatforms) = preSolution
		Debug|Any CPU = Debug|Any CPU
		Release|Any CPU = Release|Any CPU
	EndGlobalSection
	GlobalSection(ProjectConfigurationPlatforms) = postSolution
		{92A45972-ECA8-4A8B-825E-0873A23FDB0F}.Debug|Any CPU.ActiveCfg = Debug|Any CPU
		{92A45972-ECA8-4A8B-825E-0873A23FDB0F}.Debug|Any CPU.Build.0 = Debug|Any CPU
		{92A45972-ECA8-4A8B-825E-0873A23FDB0F}.Release|Any CPU.ActiveCfg = Release|Any CPU
		{92A45972-ECA8-4A8B-825E-0873A23FDB0F}.Release|Any CPU.Build.0 = Release|Any CPU
		{FADF4E02-1773-456D-9A1D-8620BB6FC31D}.Debug|Any CPU.ActiveCfg = Debug|Any CPU
		{FADF4E02-1773-456D-9A1D-8620BB6FC31D}.Debug|Any CPU.Build.0 = Debug|Any CPU
		{FADF4E02-1773-456D-9A1D-8620BB6FC31D}.Release|Any CPU.ActiveCfg = Release|Any CPU
		{FADF4E02-1773-456D-9A1D-8620BB6FC31D}.Release|Any CPU.Build.0 = Release|Any CPU
		{CDCB8C10-EF16-4663-81F3-659E668478D4}.Debug|Any CPU.ActiveCfg = Debug|Any CPU
		{CDCB8C10-EF16-4663-81F3-659E668478D4}.Debug|Any CPU.Build.0 = Debug|Any CPU
		{CDCB8C10-EF16-4663-81F3-659E668478D4}.Release|Any CPU.ActiveCfg = Release|Any CPU
		{CDCB8C10-EF16-4663-81F3-659E668478D4}.Release|Any CPU.Build.0 = Release|Any CPU
	EndGlobalSection
	GlobalSection(SolutionProperties) = preSolution
		HideSolutionNode = FALSE
	EndGlobalSection
	GlobalSection(ExtensibilityGlobals) = postSolution
		SolutionGuid = {3906C40C-5067-409E-B7C6-8094175D3A7F}
	EndGlobalSection
EndGlobal
